# THIS IS AN AUTOGENERATED FILE. DO NOT EDIT THIS FILE DIRECTLY.
# yarn lockfile v1


preact@^10.21.0:
  version "10.21.0"
  resolved "https://registry.yarnpkg.com/preact/-/preact-10.21.0.tgz#5b0335c873a1724deb66e517830db4fd310c24f6"
  integrity sha512-aQAIxtzWEwH8ou+OovWVSVNlFImL7xUCwJX3YMqA3U8iKCNC34999fFOnWjYNsylgfPgMexpbk7WYOLtKr/mxg==
